
Microsoft Visual Studio Solution File, Format Version 12.00
# Visual Studio Version 17
VisualStudioVersion = 17.3.32901.215
MinimumVisualStudioVersion = 10.0.40219.1
Project("{FAE04EC0-301F-11D3-BF4B-00C04F79EFBC}") = "SchoolLanguage", "SchoolLanguage\SchoolLanguage.csproj", "{2FCBD536-A277-4391-AC8F-A481B2D503C7}"
EndProject
Global
	GlobalSection(SolutionConfigurationPlatforms) = preSolution
		Debug|Any CPU = Debug|Any CPU
		Release|Any CPU = Release|Any CPU
	EndGlobalSection
	GlobalSection(ProjectConfigurationPlatforms) = postSolution
		{2FCBD536-A277-4391-AC8F-A481B2D503C7}.Debug|Any CPU.ActiveCfg = Debug|Any CPU
		{2FCBD536-A277-4391-AC8F-A481B2D503C7}.Debug|Any CPU.Build.0 = Debug|Any CPU
		{2FCBD536-A277-4391-AC8F-A481B2D503C7}.Release|Any CPU.ActiveCfg = Release|Any CPU
		{2FCBD536-A277-4391-AC8F-A481B2D503C7}.Release|Any CPU.Build.0 = Release|Any CPU
	EndGlobalSection
	GlobalSection(SolutionProperties) = preSolution
		HideSolutionNode = FALSE
	EndGlobalSection
	GlobalSection(ExtensibilityGlobals) = postSolution
		SolutionGuid = {57D052D6-4C50-478E-913A-32DC70395BCD}
	EndGlobalSection
EndGlobal
